
Microsoft Visual Studio Solution File, Format Version 12.00
# Visual Studio 15
VisualStudioVersion = 15.0.27130.2024
MinimumVisualStudioVersion = 10.0.40219.1
Project("{FAE04EC0-301F-11D3-BF4B-00C04F79EFBC}") = "NETMP.Module11.LoggingAndMonitoring.HttpManager", "NETMP.Module11.LoggingAndMonitoring.HttpManager\NETMP.Module11.LoggingAndMonitoring.HttpManager.csproj", "{8E3E411F-60CF-4834-92FA-5995BB88903C}"
EndProject
Project("{FAE04EC0-301F-11D3-BF4B-00C04F79EFBC}") = "NETMP.Module11.LoggingAndMonitoring.CopyingManager", "NETMP.Module11.LoggingAndMonitoring.CopyingManager\NETMP.Module11.LoggingAndMonitoring.CopyingManager.csproj", "{A0A72E45-926F-4770-9643-F4EA97214508}"
EndProject
Project("{FAE04EC0-301F-11D3-BF4B-00C04F79EFBC}") = "NETMP.Module11.LoggingAndMonitoring.DialogManager", "NETMP.Module11.LoggingAndMonitoring.DialogManager\NETMP.Module11.LoggingAndMonitoring.DialogManager.csproj", "{AB016035-F6E5-4278-8121-4D41FDF241B1}"
EndProject
Project("{FAE04EC0-301F-11D3-BF4B-00C04F79EFBC}") = "NETMP.Module11.LoggingAndMonitoring.Common", "NETMP.Modelu11.LoggingAndMonitoring.Common\NETMP.Module11.LoggingAndMonitoring.Common.csproj", "{D2861013-811A-467F-9EF8-6708A379A230}"
EndProject
Project("{FAE04EC0-301F-11D3-BF4B-00C04F79EFBC}") = "NETMP.Module11.LoggingAndMonitoring.ConsoleClient", "NETMP.Module11.LoggingAndMonitoring.ConsoleClient\NETMP.Module11.LoggingAndMonitoring.ConsoleClient.csproj", "{CBDCAC9D-33B9-456B-ADEE-9D33BAB6C6A8}"
EndProject
Global
	GlobalSection(SolutionConfigurationPlatforms) = preSolution
		Debug|Any CPU = Debug|Any CPU
		Release|Any CPU = Release|Any CPU
	EndGlobalSection
	GlobalSection(ProjectConfigurationPlatforms) = postSolution
		{8E3E411F-60CF-4834-92FA-5995BB88903C}.Debug|Any CPU.ActiveCfg = Debug|Any CPU
		{8E3E411F-60CF-4834-92FA-5995BB88903C}.Debug|Any CPU.Build.0 = Debug|Any CPU
		{8E3E411F-60CF-4834-92FA-5995BB88903C}.Release|Any CPU.ActiveCfg = Release|Any CPU
		{8E3E411F-60CF-4834-92FA-5995BB88903C}.Release|Any CPU.Build.0 = Release|Any CPU
		{A0A72E45-926F-4770-9643-F4EA97214508}.Debug|Any CPU.ActiveCfg = Debug|Any CPU
		{A0A72E45-926F-4770-9643-F4EA97214508}.Debug|Any CPU.Build.0 = Debug|Any CPU
		{A0A72E45-926F-4770-9643-F4EA97214508}.Release|Any CPU.ActiveCfg = Release|Any CPU
		{A0A72E45-926F-4770-9643-F4EA97214508}.Release|Any CPU.Build.0 = Release|Any CPU
		{AB016035-F6E5-4278-8121-4D41FDF241B1}.Debug|Any CPU.ActiveCfg = Debug|Any CPU
		{AB016035-F6E5-4278-8121-4D41FDF241B1}.Debug|Any CPU.Build.0 = Debug|Any CPU
		{AB016035-F6E5-4278-8121-4D41FDF241B1}.Release|Any CPU.ActiveCfg = Release|Any CPU
		{AB016035-F6E5-4278-8121-4D41FDF241B1}.Release|Any CPU.Build.0 = Release|Any CPU
		{D2861013-811A-467F-9EF8-6708A379A230}.Debug|Any CPU.ActiveCfg = Debug|Any CPU
		{D2861013-811A-467F-9EF8-6708A379A230}.Debug|Any CPU.Build.0 = Debug|Any CPU
		{D2861013-811A-467F-9EF8-6708A379A230}.Release|Any CPU.ActiveCfg = Release|Any CPU
		{D2861013-811A-467F-9EF8-6708A379A230}.Release|Any CPU.Build.0 = Release|Any CPU
		{CBDCAC9D-33B9-456B-ADEE-9D33BAB6C6A8}.Debug|Any CPU.ActiveCfg = Debug|Any CPU
		{CBDCAC9D-33B9-456B-ADEE-9D33BAB6C6A8}.Debug|Any CPU.Build.0 = Debug|Any CPU
		{CBDCAC9D-33B9-456B-ADEE-9D33BAB6C6A8}.Release|Any CPU.ActiveCfg = Release|Any CPU
		{CBDCAC9D-33B9-456B-ADEE-9D33BAB6C6A8}.Release|Any CPU.Build.0 = Release|Any CPU
	EndGlobalSection
	GlobalSection(SolutionProperties) = preSolution
		HideSolutionNode = FALSE
	EndGlobalSection
	GlobalSection(ExtensibilityGlobals) = postSolution
		SolutionGuid = {4A6BCD4F-8BB0-483C-94DA-61C33C11FBDA}
	EndGlobalSection
EndGlobal
